
Microsoft Visual Studio Solution File, Format Version 12.00
# Visual Studio Version 17
VisualStudioVersion = 17.7.34031.279
MinimumVisualStudioVersion = 10.0.40219.1
Project("{2150E333-8FDC-42A3-9474-1A3956D46DE8}") = "ShopManagement", "ShopManagement", "{242CE055-8DA2-46F1-BBD8-54165EF79B45}"
EndProject
Project("{2150E333-8FDC-42A3-9474-1A3956D46DE8}") = "SM.Domain", "SM.Domain", "{B8451BAF-FDA0-4955-84D6-9C6DB5163C74}"
EndProject
Project("{9A19103F-16F7-4668-BE54-9A1E7A4F7556}") = "ShopManagement.Domain", "ShopManagement.Domain\ShopManagement.Domain.csproj", "{315ECBF8-6328-40A6-B6E7-409985E1BB9E}"
EndProject
Project("{9A19103F-16F7-4668-BE54-9A1E7A4F7556}") = "0_Framework", "0_Framework\0_Framework.csproj", "{66850640-F561-480C-B899-DED40B715A96}"
EndProject
Project("{2150E333-8FDC-42A3-9474-1A3956D46DE8}") = "SM.Application", "SM.Application", "{88258824-7E3C-4A9B-97C6-9D0269788B77}"
EndProject
Project("{9A19103F-16F7-4668-BE54-9A1E7A4F7556}") = "ShopManagement.Application.Contracts", "ShopManagement.Application.Contracts\ShopManagement.Application.Contracts.csproj", "{620AD8CE-080B-4B64-BCBF-3CCAD909090F}"
EndProject
Project("{9A19103F-16F7-4668-BE54-9A1E7A4F7556}") = "ShopManagement.Application", "ShopManagement.Application\ShopManagement.Application.csproj", "{741F25E8-A9A4-485A-914C-158E2710C551}"
EndProject
Project("{2150E333-8FDC-42A3-9474-1A3956D46DE8}") = "SM.Infrastructure", "SM.Infrastructure", "{947A5A4D-86F2-45AD-961B-03008EB59631}"
EndProject
Project("{9A19103F-16F7-4668-BE54-9A1E7A4F7556}") = "ShopManagement.Infrastructure.EFCore", "ShopManagement.Infrastructure.EFCore\ShopManagement.Infrastructure.EFCore.csproj", "{0ECDE320-B554-4371-80F4-D4CA5C815505}"
EndProject
Project("{9A19103F-16F7-4668-BE54-9A1E7A4F7556}") = "ShopManagement.Configuration", "ShopMangement.Configuration\ShopManagement.Configuration.csproj", "{CCA6BA07-A235-454A-A1EA-B4E43DD5DDAC}"
EndProject
Project("{9A19103F-16F7-4668-BE54-9A1E7A4F7556}") = "ServiceHost", "ServiceHost\ServiceHost.csproj", "{9F1AA7B2-B1EE-4922-9FE4-0A92E37CFFC7}"
EndProject
Project("{9A19103F-16F7-4668-BE54-9A1E7A4F7556}") = "01_Lampshade1Query", "01_Lampshade1Query\01_Lampshade1Query.csproj", "{A8CD5DD2-CD1C-4CB5-928F-5B3E6551ADF2}"
EndProject
Project("{2150E333-8FDC-42A3-9474-1A3956D46DE8}") = "DiscountManagement", "DiscountManagement", "{0C88E2EC-E1CA-48AF-98F1-7914CEA86F65}"
EndProject
Project("{2150E333-8FDC-42A3-9474-1A3956D46DE8}") = "DM.Domain", "DM.Domain", "{6890DC20-D5AC-4527-81EC-76C79A4FC2B9}"
EndProject
Project("{9A19103F-16F7-4668-BE54-9A1E7A4F7556}") = "DiscountManagement.Domain", "DiscountManagement.Domain\DiscountManagement.Domain.csproj", "{E72B692D-FCDC-4BA4-BEDA-09DECF1DEC67}"
EndProject
Project("{2150E333-8FDC-42A3-9474-1A3956D46DE8}") = "DM.Application", "DM.Application", "{24069E0F-1C4C-4F35-8C81-5B67FB8C3D24}"
EndProject
Project("{9A19103F-16F7-4668-BE54-9A1E7A4F7556}") = "DiscountManagement.Application.Contract", "DiscountManagement.Application.Contract\DiscountManagement.Application.Contract.csproj", "{79622AFE-BF47-42E2-ABD0-F63F5A357FA4}"
EndProject
Project("{FAE04EC0-301F-11D3-BF4B-00C04F79EFBC}") = "DiscountManagement.Application", "DiscountManagement.Application\DiscountManagement.Application.csproj", "{E7D9DB1A-26CB-4913-9487-45D177DA2565}"
EndProject
Project("{2150E333-8FDC-42A3-9474-1A3956D46DE8}") = "DM.Infrastructure", "DM.Infrastructure", "{159C61C0-DF4E-4B00-8262-39A956ECBB14}"
EndProject
Project("{FAE04EC0-301F-11D3-BF4B-00C04F79EFBC}") = "DiscountManagement.Infrastructure.EFCore", "DiscountManagement.Infrastructure.EFCore\DiscountManagement.Infrastructure.EFCore.csproj", "{35121A27-1FA4-45FF-9CCA-B5A147214B7D}"
EndProject
Project("{FAE04EC0-301F-11D3-BF4B-00C04F79EFBC}") = "DiscountManagement.Configuration", "DiscountManagement.Configuration\DiscountManagement.Configuration.csproj", "{D699A69A-0C76-4BD3-AB41-24DA57C7AEE0}"
EndProject
Global
	GlobalSection(SolutionConfigurationPlatforms) = preSolution
		Debug|Any CPU = Debug|Any CPU
		Release|Any CPU = Release|Any CPU
	EndGlobalSection
	GlobalSection(ProjectConfigurationPlatforms) = postSolution
		{315ECBF8-6328-40A6-B6E7-409985E1BB9E}.Debug|Any CPU.ActiveCfg = Debug|Any CPU
		{315ECBF8-6328-40A6-B6E7-409985E1BB9E}.Debug|Any CPU.Build.0 = Debug|Any CPU
		{315ECBF8-6328-40A6-B6E7-409985E1BB9E}.Release|Any CPU.ActiveCfg = Release|Any CPU
		{315ECBF8-6328-40A6-B6E7-409985E1BB9E}.Release|Any CPU.Build.0 = Release|Any CPU
		{66850640-F561-480C-B899-DED40B715A96}.Debug|Any CPU.ActiveCfg = Debug|Any CPU
		{66850640-F561-480C-B899-DED40B715A96}.Debug|Any CPU.Build.0 = Debug|Any CPU
		{66850640-F561-480C-B899-DED40B715A96}.Release|Any CPU.ActiveCfg = Release|Any CPU
		{66850640-F561-480C-B899-DED40B715A96}.Release|Any CPU.Build.0 = Release|Any CPU
		{620AD8CE-080B-4B64-BCBF-3CCAD909090F}.Debug|Any CPU.ActiveCfg = Debug|Any CPU
		{620AD8CE-080B-4B64-BCBF-3CCAD909090F}.Debug|Any CPU.Build.0 = Debug|Any CPU
		{620AD8CE-080B-4B64-BCBF-3CCAD909090F}.Release|Any CPU.ActiveCfg = Release|Any CPU
		{620AD8CE-080B-4B64-BCBF-3CCAD909090F}.Release|Any CPU.Build.0 = Release|Any CPU
		{741F25E8-A9A4-485A-914C-158E2710C551}.Debug|Any CPU.ActiveCfg = Debug|Any CPU
		{741F25E8-A9A4-485A-914C-158E2710C551}.Debug|Any CPU.Build.0 = Debug|Any CPU
		{741F25E8-A9A4-485A-914C-158E2710C551}.Release|Any CPU.ActiveCfg = Release|Any CPU
		{741F25E8-A9A4-485A-914C-158E2710C551}.Release|Any CPU.Build.0 = Release|Any CPU
		{0ECDE320-B554-4371-80F4-D4CA5C815505}.Debug|Any CPU.ActiveCfg = Debug|Any CPU
		{0ECDE320-B554-4371-80F4-D4CA5C815505}.Debug|Any CPU.Build.0 = Debug|Any CPU
		{0ECDE320-B554-4371-80F4-D4CA5C815505}.Release|Any CPU.ActiveCfg = Release|Any CPU
		{0ECDE320-B554-4371-80F4-D4CA5C815505}.Release|Any CPU.Build.0 = Release|Any CPU
		{CCA6BA07-A235-454A-A1EA-B4E43DD5DDAC}.Debug|Any CPU.ActiveCfg = Debug|Any CPU
		{CCA6BA07-A235-454A-A1EA-B4E43DD5DDAC}.Debug|Any CPU.Build.0 = Debug|Any CPU
		{CCA6BA07-A235-454A-A1EA-B4E43DD5DDAC}.Release|Any CPU.ActiveCfg = Release|Any CPU
		{CCA6BA07-A235-454A-A1EA-B4E43DD5DDAC}.Release|Any CPU.Build.0 = Release|Any CPU
		{9F1AA7B2-B1EE-4922-9FE4-0A92E37CFFC7}.Debug|Any CPU.ActiveCfg = Debug|Any CPU
		{9F1AA7B2-B1EE-4922-9FE4-0A92E37CFFC7}.Debug|Any CPU.Build.0 = Debug|Any CPU
		{9F1AA7B2-B1EE-4922-9FE4-0A92E37CFFC7}.Release|Any CPU.ActiveCfg = Release|Any CPU
		{9F1AA7B2-B1EE-4922-9FE4-0A92E37CFFC7}.Release|Any CPU.Build.0 = Release|Any CPU
		{A8CD5DD2-CD1C-4CB5-928F-5B3E6551ADF2}.Debug|Any CPU.ActiveCfg = Debug|Any CPU
		{A8CD5DD2-CD1C-4CB5-928F-5B3E6551ADF2}.Debug|Any CPU.Build.0 = Debug|Any CPU
		{A8CD5DD2-CD1C-4CB5-928F-5B3E6551ADF2}.Release|Any CPU.ActiveCfg = Release|Any CPU
		{A8CD5DD2-CD1C-4CB5-928F-5B3E6551ADF2}.Release|Any CPU.Build.0 = Release|Any CPU
		{E72B692D-FCDC-4BA4-BEDA-09DECF1DEC67}.Debug|Any CPU.ActiveCfg = Debug|Any CPU
		{E72B692D-FCDC-4BA4-BEDA-09DECF1DEC67}.Debug|Any CPU.Build.0 = Debug|Any CPU
		{E72B692D-FCDC-4BA4-BEDA-09DECF1DEC67}.Release|Any CPU.ActiveCfg = Release|Any CPU
		{E72B692D-FCDC-4BA4-BEDA-09DECF1DEC67}.Release|Any CPU.Build.0 = Release|Any CPU
		{79622AFE-BF47-42E2-ABD0-F63F5A357FA4}.Debug|Any CPU.ActiveCfg = Debug|Any CPU
		{79622AFE-BF47-42E2-ABD0-F63F5A357FA4}.Debug|Any CPU.Build.0 = Debug|Any CPU
		{79622AFE-BF47-42E2-ABD0-F63F5A357FA4}.Release|Any CPU.ActiveCfg = Release|Any CPU
		{79622AFE-BF47-42E2-ABD0-F63F5A357FA4}.Release|Any CPU.Build.0 = Release|Any CPU
		{E7D9DB1A-26CB-4913-9487-45D177DA2565}.Debug|Any CPU.ActiveCfg = Debug|Any CPU
		{E7D9DB1A-26CB-4913-9487-45D177DA2565}.Debug|Any CPU.Build.0 = Debug|Any CPU
		{E7D9DB1A-26CB-4913-9487-45D177DA2565}.Release|Any CPU.ActiveCfg = Release|Any CPU
		{E7D9DB1A-26CB-4913-9487-45D177DA2565}.Release|Any CPU.Build.0 = Release|Any CPU
		{35121A27-1FA4-45FF-9CCA-B5A147214B7D}.Debug|Any CPU.ActiveCfg = Debug|Any CPU
		{35121A27-1FA4-45FF-9CCA-B5A147214B7D}.Debug|Any CPU.Build.0 = Debug|Any CPU
		{35121A27-1FA4-45FF-9CCA-B5A147214B7D}.Release|Any CPU.ActiveCfg = Release|Any CPU
		{35121A27-1FA4-45FF-9CCA-B5A147214B7D}.Release|Any CPU.Build.0 = Release|Any CPU
		{D699A69A-0C76-4BD3-AB41-24DA57C7AEE0}.Debug|Any CPU.ActiveCfg = Debug|Any CPU
		{D699A69A-0C76-4BD3-AB41-24DA57C7AEE0}.Debug|Any CPU.Build.0 = Debug|Any CPU
		{D699A69A-0C76-4BD3-AB41-24DA57C7AEE0}.Release|Any CPU.ActiveCfg = Release|Any CPU
		{D699A69A-0C76-4BD3-AB41-24DA57C7AEE0}.Release|Any CPU.Build.0 = Release|Any CPU
	EndGlobalSection
	GlobalSection(SolutionProperties) = preSolution
		HideSolutionNode = FALSE
	EndGlobalSection
	GlobalSection(NestedProjects) = preSolution
		{B8451BAF-FDA0-4955-84D6-9C6DB5163C74} = {242CE055-8DA2-46F1-BBD8-54165EF79B45}
		{315ECBF8-6328-40A6-B6E7-409985E1BB9E} = {B8451BAF-FDA0-4955-84D6-9C6DB5163C74}
		{88258824-7E3C-4A9B-97C6-9D0269788B77} = {242CE055-8DA2-46F1-BBD8-54165EF79B45}
		{620AD8CE-080B-4B64-BCBF-3CCAD909090F} = {88258824-7E3C-4A9B-97C6-9D0269788B77}
		{741F25E8-A9A4-485A-914C-158E2710C551} = {88258824-7E3C-4A9B-97C6-9D0269788B77}
		{947A5A4D-86F2-45AD-961B-03008EB59631} = {242CE055-8DA2-46F1-BBD8-54165EF79B45}
		{0ECDE320-B554-4371-80F4-D4CA5C815505} = {947A5A4D-86F2-45AD-961B-03008EB59631}
		{CCA6BA07-A235-454A-A1EA-B4E43DD5DDAC} = {947A5A4D-86F2-45AD-961B-03008EB59631}
		{6890DC20-D5AC-4527-81EC-76C79A4FC2B9} = {0C88E2EC-E1CA-48AF-98F1-7914CEA86F65}
		{E72B692D-FCDC-4BA4-BEDA-09DECF1DEC67} = {6890DC20-D5AC-4527-81EC-76C79A4FC2B9}
		{24069E0F-1C4C-4F35-8C81-5B67FB8C3D24} = {0C88E2EC-E1CA-48AF-98F1-7914CEA86F65}
		{79622AFE-BF47-42E2-ABD0-F63F5A357FA4} = {24069E0F-1C4C-4F35-8C81-5B67FB8C3D24}
		{E7D9DB1A-26CB-4913-9487-45D177DA2565} = {24069E0F-1C4C-4F35-8C81-5B67FB8C3D24}
		{159C61C0-DF4E-4B00-8262-39A956ECBB14} = {0C88E2EC-E1CA-48AF-98F1-7914CEA86F65}
		{35121A27-1FA4-45FF-9CCA-B5A147214B7D} = {159C61C0-DF4E-4B00-8262-39A956ECBB14}
		{D699A69A-0C76-4BD3-AB41-24DA57C7AEE0} = {159C61C0-DF4E-4B00-8262-39A956ECBB14}
	EndGlobalSection
	GlobalSection(ExtensibilityGlobals) = postSolution
		SolutionGuid = {EC512FFD-5D1A-4D3D-8FB9-A24139B7D2B7}
	EndGlobalSection
EndGlobal
